
Microsoft Visual Studio Solution File, Format Version 12.00
# Visual Studio Version 17
VisualStudioVersion = 17.4.33205.214
MinimumVisualStudioVersion = 10.0.40219.1
Project("{FAE04EC0-301F-11D3-BF4B-00C04F79EFBC}") = "UserRegistrationProblem", "UserRegistrationProblem\UserRegistrationProblem.csproj", "{FA88983B-DE60-4522-8CAF-597EABA438D0}"
EndProject
Global
	GlobalSection(SolutionConfigurationPlatforms) = preSolution
		Debug|Any CPU = Debug|Any CPU
		Release|Any CPU = Release|Any CPU
	EndGlobalSection
	GlobalSection(ProjectConfigurationPlatforms) = postSolution
		{FA88983B-DE60-4522-8CAF-597EABA438D0}.Debug|Any CPU.ActiveCfg = Debug|Any CPU
		{FA88983B-DE60-4522-8CAF-597EABA438D0}.Debug|Any CPU.Build.0 = Debug|Any CPU
		{FA88983B-DE60-4522-8CAF-597EABA438D0}.Release|Any CPU.ActiveCfg = Release|Any CPU
		{FA88983B-DE60-4522-8CAF-597EABA438D0}.Release|Any CPU.Build.0 = Release|Any CPU
	EndGlobalSection
	GlobalSection(SolutionProperties) = preSolution
		HideSolutionNode = FALSE
	EndGlobalSection
	GlobalSection(ExtensibilityGlobals) = postSolution
		SolutionGuid = {FA58F251-FC81-4527-A114-EC73831943D3}
	EndGlobalSection
EndGlobal
